
Microsoft Visual Studio Solution File, Format Version 12.00
# Visual Studio 15
VisualStudioVersion = 15.0.28307.1082
MinimumVisualStudioVersion = 10.0.40219.1
Project("{FAE04EC0-301F-11D3-BF4B-00C04F79EFBC}") = "MusicPlayisterizer", "MusicPlayisterizer\MusicPlayisterizer.csproj", "{39707E9E-4B6B-4FB3-8909-81BD3FD4F120}"
EndProject
Global
	GlobalSection(SolutionConfigurationPlatforms) = preSolution
		Debug|Any CPU = Debug|Any CPU
		Release|Any CPU = Release|Any CPU
	EndGlobalSection
	GlobalSection(ProjectConfigurationPlatforms) = postSolution
		{39707E9E-4B6B-4FB3-8909-81BD3FD4F120}.Debug|Any CPU.ActiveCfg = Debug|Any CPU
		{39707E9E-4B6B-4FB3-8909-81BD3FD4F120}.Debug|Any CPU.Build.0 = Debug|Any CPU
		{39707E9E-4B6B-4FB3-8909-81BD3FD4F120}.Release|Any CPU.ActiveCfg = Release|Any CPU
		{39707E9E-4B6B-4FB3-8909-81BD3FD4F120}.Release|Any CPU.Build.0 = Release|Any CPU
	EndGlobalSection
	GlobalSection(SolutionProperties) = preSolution
		HideSolutionNode = FALSE
	EndGlobalSection
	GlobalSection(ExtensibilityGlobals) = postSolution
		SolutionGuid = {67CBFD1F-F4FE-4566-B62E-4CAAE668313B}
	EndGlobalSection
EndGlobal
